// !$*UTF8*$!
{
	archiveVersion = 1;
	classes = {
	};
	objectVersion = 55;
	objects = {

/* Begin PBXBuildFile section */
		A48097102816D30600A4D2C9 /* MoviesApp.swift in Sources */ = {isa = PBXBuildFile; fileRef = A480970F2816D30600A4D2C9 /* MoviesApp.swift */; };
		A48097142816D30A00A4D2C9 /* Assets.xcassets in Resources */ = {isa = PBXBuildFile; fileRef = A48097132816D30A00A4D2C9 /* Assets.xcassets */; };
		A48097172816D30A00A4D2C9 /* Preview Assets.xcassets in Resources */ = {isa = PBXBuildFile; fileRef = A48097162816D30A00A4D2C9 /* Preview Assets.xcassets */; };
		A480971F2816D33E00A4D2C9 /* ImageLoader.swift in Sources */ = {isa = PBXBuildFile; fileRef = A480971E2816D33E00A4D2C9 /* ImageLoader.swift */; };
		A48097222816D41700A4D2C9 /* URLImage.swift in Sources */ = {isa = PBXBuildFile; fileRef = A48097212816D41700A4D2C9 /* URLImage.swift */; };
		A48097242816D60400A4D2C9 /* RatingView.swift in Sources */ = {isa = PBXBuildFile; fileRef = A48097232816D60400A4D2C9 /* RatingView.swift */; };
		A48097262816E1C400A4D2C9 /* Constants.swift in Sources */ = {isa = PBXBuildFile; fileRef = A48097252816E1C400A4D2C9 /* Constants.swift */; };
		A48097292816E26E00A4D2C9 /* Movie.swift in Sources */ = {isa = PBXBuildFile; fileRef = A48097282816E26E00A4D2C9 /* Movie.swift */; };
		A480972C2816E38A00A4D2C9 /* HTTPClient.swift in Sources */ = {isa = PBXBuildFile; fileRef = A480972B2816E38A00A4D2C9 /* HTTPClient.swift */; };
		A48097302816E6BB00A4D2C9 /* URL+Extensions.swift in Sources */ = {isa = PBXBuildFile; fileRef = A480972F2816E6BB00A4D2C9 /* URL+Extensions.swift */; };
		A48097332816E74400A4D2C9 /* MovieListViewModel.swift in Sources */ = {isa = PBXBuildFile; fileRef = A48097322816E74400A4D2C9 /* MovieListViewModel.swift */; };
		A48097362816ED2E00A4D2C9 /* MovieListScene.swift in Sources */ = {isa = PBXBuildFile; fileRef = A48097352816ED2E00A4D2C9 /* MovieListScene.swift */; };
		A48097382816EDB000A4D2C9 /* MovieListView.swift in Sources */ = {isa = PBXBuildFile; fileRef = A48097372816EDB000A4D2C9 /* MovieListView.swift */; };
		A480973A2816EE4700A4D2C9 /* View+Extensions.swift in Sources */ = {isa = PBXBuildFile; fileRef = A48097392816EE4700A4D2C9 /* View+Extensions.swift */; };
		A480973C2816F1AA00A4D2C9 /* String+Extensions.swift in Sources */ = {isa = PBXBuildFile; fileRef = A480973B2816F1AA00A4D2C9 /* String+Extensions.swift */; };
		A480973E2816F25C00A4D2C9 /* FailedView.swift in Sources */ = {isa = PBXBuildFile; fileRef = A480973D2816F25C00A4D2C9 /* FailedView.swift */; };
		A48097402816F38500A4D2C9 /* ViewModelBase.swift in Sources */ = {isa = PBXBuildFile; fileRef = A480973F2816F38500A4D2C9 /* ViewModelBase.swift */; };
		A48097422816F7E500A4D2C9 /* MovieDetail.swift in Sources */ = {isa = PBXBuildFile; fileRef = A48097412816F7E500A4D2C9 /* MovieDetail.swift */; };
		A48097442817005C00A4D2C9 /* MovieDetailViewModel.swift in Sources */ = {isa = PBXBuildFile; fileRef = A48097432817005C00A4D2C9 /* MovieDetailViewModel.swift */; };
		A4809746281708B200A4D2C9 /* MovieDetailScene.swift in Sources */ = {isa = PBXBuildFile; fileRef = A4809745281708B200A4D2C9 /* MovieDetailScene.swift */; };
		A4809748281709BC00A4D2C9 /* MoviewDetailView.swift in Sources */ = {isa = PBXBuildFile; fileRef = A4809747281709BC00A4D2C9 /* MoviewDetailView.swift */; };
/* End PBXBuildFile section */

/* Begin PBXFileReference section */
		A480970C2816D30600A4D2C9 /* Movies.app */ = {isa = PBXFileReference; explicitFileType = wrapper.application; includeInIndex = 0; path = Movies.app; sourceTree = BUILT_PRODUCTS_DIR; };
		A480970F2816D30600A4D2C9 /* MoviesApp.swift */ = {isa = PBXFileReference; lastKnownFileType = sourcecode.swift; path = MoviesApp.swift; sourceTree = "<group>"; };
		A48097132816D30A00A4D2C9 /* Assets.xcassets */ = {isa = PBXFileReference; lastKnownFileType = folder.assetcatalog; path = Assets.xcassets; sourceTree = "<group>"; };
		A48097162816D30A00A4D2C9 /* Preview Assets.xcassets */ = {isa = PBXFileReference; lastKnownFileType = folder.assetcatalog; path = "Preview Assets.xcassets"; sourceTree = "<group>"; };
		A480971E2816D33E00A4D2C9 /* ImageLoader.swift */ = {isa = PBXFileReference; lastKnownFileType = sourcecode.swift; path = ImageLoader.swift; sourceTree = "<group>"; };
		A48097212816D41700A4D2C9 /* URLImage.swift */ = {isa = PBXFileReference; lastKnownFileType = sourcecode.swift; path = URLImage.swift; sourceTree = "<group>"; };
		A48097232816D60400A4D2C9 /* RatingView.swift */ = {isa = PBXFileReference; lastKnownFileType = sourcecode.swift; path = RatingView.swift; sourceTree = "<group>"; };
		A48097252816E1C400A4D2C9 /* Constants.swift */ = {isa = PBXFileReference; lastKnownFileType = sourcecode.swift; path = Constants.swift; sourceTree = "<group>"; };
		A48097282816E26E00A4D2C9 /* Movie.swift */ = {isa = PBXFileReference; lastKnownFileType = sourcecode.swift; path = Movie.swift; sourceTree = "<group>"; };
		A480972B2816E38A00A4D2C9 /* HTTPClient.swift */ = {isa = PBXFileReference; lastKnownFileType = sourcecode.swift; path = HTTPClient.swift; sourceTree = "<group>"; };
		A480972D2816E64400A4D2C9 /* Info.plist */ = {isa = PBXFileReference; lastKnownFileType = text.plist; path = Info.plist; sourceTree = "<group>"; };
		A480972F2816E6BB00A4D2C9 /* URL+Extensions.swift */ = {isa = PBXFileReference; lastKnownFileType = sourcecode.swift; path = "URL+Extensions.swift"; sourceTree = "<group>"; };
		A48097322816E74400A4D2C9 /* MovieListViewModel.swift */ = {isa = PBXFileReference; lastKnownFileType = sourcecode.swift; path = MovieListViewModel.swift; sourceTree = "<group>"; };
		A48097352816ED2E00A4D2C9 /* MovieListScene.swift */ = {isa = PBXFileReference; lastKnownFileType = sourcecode.swift; path = MovieListScene.swift; sourceTree = "<group>"; };
		A48097372816EDB000A4D2C9 /* MovieListView.swift */ = {isa = PBXFileReference; lastKnownFileType = sourcecode.swift; path = MovieListView.swift; sourceTree = "<group>"; };
		A48097392816EE4700A4D2C9 /* View+Extensions.swift */ = {isa = PBXFileReference; lastKnownFileType = sourcecode.swift; path = "View+Extensions.swift"; sourceTree = "<group>"; };
		A480973B2816F1AA00A4D2C9 /* String+Extensions.swift */ = {isa = PBXFileReference; lastKnownFileType = sourcecode.swift; path = "String+Extensions.swift"; sourceTree = "<group>"; };
		A480973D2816F25C00A4D2C9 /* FailedView.swift */ = {isa = PBXFileReference; lastKnownFileType = sourcecode.swift; path = FailedView.swift; sourceTree = "<group>"; };
		A480973F2816F38500A4D2C9 /* ViewModelBase.swift */ = {isa = PBXFileReference; lastKnownFileType = sourcecode.swift; path = ViewModelBase.swift; sourceTree = "<group>"; };
		A48097412816F7E500A4D2C9 /* MovieDetail.swift */ = {isa = PBXFileReference; lastKnownFileType = sourcecode.swift; path = MovieDetail.swift; sourceTree = "<group>"; };
		A48097432817005C00A4D2C9 /* MovieDetailViewModel.swift */ = {isa = PBXFileReference; lastKnownFileType = sourcecode.swift; path = MovieDetailViewModel.swift; sourceTree = "<group>"; };
		A4809745281708B200A4D2C9 /* MovieDetailScene.swift */ = {isa = PBXFileReference; lastKnownFileType = sourcecode.swift; path = MovieDetailScene.swift; sourceTree = "<group>"; };
		A4809747281709BC00A4D2C9 /* MoviewDetailView.swift */ = {isa = PBXFileReference; lastKnownFileType = sourcecode.swift; path = MoviewDetailView.swift; sourceTree = "<group>"; };
/* End PBXFileReference section */

/* Begin PBXFrameworksBuildPhase section */
		A48097092816D30600A4D2C9 /* Frameworks */ = {
			isa = PBXFrameworksBuildPhase;
			buildActionMask = 2147483647;
			files = (
			);
			runOnlyForDeploymentPostprocessing = 0;
		};
/* End PBXFrameworksBuildPhase section */

/* Begin PBXGroup section */
		A48097032816D30600A4D2C9 = {
			isa = PBXGroup;
			children = (
				A480970E2816D30600A4D2C9 /* Movies */,
				A480970D2816D30600A4D2C9 /* Products */,
			);
			sourceTree = "<group>";
		};
		A480970D2816D30600A4D2C9 /* Products */ = {
			isa = PBXGroup;
			children = (
				A480970C2816D30600A4D2C9 /* Movies.app */,
			);
			name = Products;
			sourceTree = "<group>";
		};
		A480970E2816D30600A4D2C9 /* Movies */ = {
			isa = PBXGroup;
			children = (
				A48097312816E73800A4D2C9 /* ViewModel */,
				A48097342816ED1B00A4D2C9 /* Scene */,
				A480972E2816E6AF00A4D2C9 /* Extension */,
				A480972D2816E64400A4D2C9 /* Info.plist */,
				A480972A2816E37D00A4D2C9 /* Service */,
				A48097272816E26500A4D2C9 /* Model */,
				A48097202816D40C00A4D2C9 /* View */,
				A480971D2816D32800A4D2C9 /* Utility */,
				A480970F2816D30600A4D2C9 /* MoviesApp.swift */,
				A48097132816D30A00A4D2C9 /* Assets.xcassets */,
				A48097152816D30A00A4D2C9 /* Preview Content */,
			);
			path = Movies;
			sourceTree = "<group>";
		};
		A48097152816D30A00A4D2C9 /* Preview Content */ = {
			isa = PBXGroup;
			children = (
				A48097162816D30A00A4D2C9 /* Preview Assets.xcassets */,
			);
			path = "Preview Content";
			sourceTree = "<group>";
		};
		A480971D2816D32800A4D2C9 /* Utility */ = {
			isa = PBXGroup;
			children = (
				A480971E2816D33E00A4D2C9 /* ImageLoader.swift */,
				A48097252816E1C400A4D2C9 /* Constants.swift */,
			);
			path = Utility;
			sourceTree = "<group>";
		};
		A48097202816D40C00A4D2C9 /* View */ = {
			isa = PBXGroup;
			children = (
				A48097212816D41700A4D2C9 /* URLImage.swift */,
				A48097232816D60400A4D2C9 /* RatingView.swift */,
				A48097372816EDB000A4D2C9 /* MovieListView.swift */,
				A480973D2816F25C00A4D2C9 /* FailedView.swift */,
				A4809747281709BC00A4D2C9 /* MoviewDetailView.swift */,
			);
			path = View;
			sourceTree = "<group>";
		};
		A48097272816E26500A4D2C9 /* Model */ = {
			isa = PBXGroup;
			children = (
				A48097282816E26E00A4D2C9 /* Movie.swift */,
				A48097412816F7E500A4D2C9 /* MovieDetail.swift */,
			);
			path = Model;
			sourceTree = "<group>";
		};
		A480972A2816E37D00A4D2C9 /* Service */ = {
			isa = PBXGroup;
			children = (
				A480972B2816E38A00A4D2C9 /* HTTPClient.swift */,
			);
			path = Service;
			sourceTree = "<group>";
		};
		A480972E2816E6AF00A4D2C9 /* Extension */ = {
			isa = PBXGroup;
			children = (
				A480972F2816E6BB00A4D2C9 /* URL+Extensions.swift */,
				A48097392816EE4700A4D2C9 /* View+Extensions.swift */,
				A480973B2816F1AA00A4D2C9 /* String+Extensions.swift */,
			);
			path = Extension;
			sourceTree = "<group>";
		};
		A48097312816E73800A4D2C9 /* ViewModel */ = {
			isa = PBXGroup;
			children = (
				A48097322816E74400A4D2C9 /* MovieListViewModel.swift */,
				A480973F2816F38500A4D2C9 /* ViewModelBase.swift */,
				A48097432817005C00A4D2C9 /* MovieDetailViewModel.swift */,
			);
			path = ViewModel;
			sourceTree = "<group>";
		};
		A48097342816ED1B00A4D2C9 /* Scene */ = {
			isa = PBXGroup;
			children = (
				A48097352816ED2E00A4D2C9 /* MovieListScene.swift */,
				A4809745281708B200A4D2C9 /* MovieDetailScene.swift */,
			);
			path = Scene;
			sourceTree = "<group>";
		};
/* End PBXGroup section */

/* Begin PBXNativeTarget section */
		A480970B2816D30600A4D2C9 /* Movies */ = {
			isa = PBXNativeTarget;
			buildConfigurationList = A480971A2816D30A00A4D2C9 /* Build configuration list for PBXNativeTarget "Movies" */;
			buildPhases = (
				A48097082816D30600A4D2C9 /* Sources */,
				A48097092816D30600A4D2C9 /* Frameworks */,
				A480970A2816D30600A4D2C9 /* Resources */,
			);
			buildRules = (
			);
			dependencies = (
			);
			name = Movies;
			productName = Movies;
			productReference = A480970C2816D30600A4D2C9 /* Movies.app */;
			productType = "com.apple.product-type.application";
		};
/* End PBXNativeTarget section */

/* Begin PBXProject section */
		A48097042816D30600A4D2C9 /* Project object */ = {
			isa = PBXProject;
			attributes = {
				BuildIndependentTargetsInParallel = 1;
				LastSwiftUpdateCheck = 1320;
				LastUpgradeCheck = 1320;
				TargetAttributes = {
					A480970B2816D30600A4D2C9 = {
						CreatedOnToolsVersion = 13.2.1;
					};
				};
			};
			buildConfigurationList = A48097072816D30600A4D2C9 /* Build configuration list for PBXProject "Movies" */;
			compatibilityVersion = "Xcode 13.0";
			developmentRegion = en;
			hasScannedForEncodings = 0;
			knownRegions = (
				en,
				Base,
			);
			mainGroup = A48097032816D30600A4D2C9;
			productRefGroup = A480970D2816D30600A4D2C9 /* Products */;
			projectDirPath = "";
			projectRoot = "";
			targets = (
				A480970B2816D30600A4D2C9 /* Movies */,
			);
		};
/* End PBXProject section */

/* Begin PBXResourcesBuildPhase section */
		A480970A2816D30600A4D2C9 /* Resources */ = {
			isa = PBXResourcesBuildPhase;
			buildActionMask = 2147483647;
			files = (
				A48097172816D30A00A4D2C9 /* Preview Assets.xcassets in Resources */,
				A48097142816D30A00A4D2C9 /* Assets.xcassets in Resources */,
			);
			runOnlyForDeploymentPostprocessing = 0;
		};
/* End PBXResourcesBuildPhase section */

/* Begin PBXSourcesBuildPhase section */
		A48097082816D30600A4D2C9 /* Sources */ = {
			isa = PBXSourcesBuildPhase;
			buildActionMask = 2147483647;
			files = (
				A48097292816E26E00A4D2C9 /* Movie.swift in Sources */,
				A480973C2816F1AA00A4D2C9 /* String+Extensions.swift in Sources */,
				A48097362816ED2E00A4D2C9 /* MovieListScene.swift in Sources */,
				A480972C2816E38A00A4D2C9 /* HTTPClient.swift in Sources */,
				A48097102816D30600A4D2C9 /* MoviesApp.swift in Sources */,
				A4809748281709BC00A4D2C9 /* MoviewDetailView.swift in Sources */,
				A48097402816F38500A4D2C9 /* ViewModelBase.swift in Sources */,
				A48097382816EDB000A4D2C9 /* MovieListView.swift in Sources */,
				A48097302816E6BB00A4D2C9 /* URL+Extensions.swift in Sources */,
				A4809746281708B200A4D2C9 /* MovieDetailScene.swift in Sources */,
				A480971F2816D33E00A4D2C9 /* ImageLoader.swift in Sources */,
				A48097242816D60400A4D2C9 /* RatingView.swift in Sources */,
				A480973A2816EE4700A4D2C9 /* View+Extensions.swift in Sources */,
				A48097222816D41700A4D2C9 /* URLImage.swift in Sources */,
				A48097262816E1C400A4D2C9 /* Constants.swift in Sources */,
				A48097332816E74400A4D2C9 /* MovieListViewModel.swift in Sources */,
				A48097442817005C00A4D2C9 /* MovieDetailViewModel.swift in Sources */,
				A480973E2816F25C00A4D2C9 /* FailedView.swift in Sources */,
				A48097422816F7E500A4D2C9 /* MovieDetail.swift in Sources */,
			);
			runOnlyForDeploymentPostprocessing = 0;
		};
/* End PBXSourcesBuildPhase section */

/* Begin XCBuildConfiguration section */
		A48097182816D30A00A4D2C9 /* Debug */ = {
			isa = XCBuildConfiguration;
			buildSettings = {
				ALWAYS_SEARCH_USER_PATHS = NO;
				CLANG_ANALYZER_NONNULL = YES;
				CLANG_ANALYZER_NUMBER_OBJECT_CONVERSION = YES_AGGRESSIVE;
				CLANG_CXX_LANGUAGE_STANDARD = "gnu++17";
				CLANG_CXX_LIBRARY = "libc++";
				CLANG_ENABLE_MODULES = YES;
				CLANG_ENABLE_OBJC_ARC = YES;
				CLANG_ENABLE_OBJC_WEAK = YES;
				CLANG_WARN_BLOCK_CAPTURE_AUTORELEASING = YES;
				CLANG_WARN_BOOL_CONVERSION = YES;
				CLANG_WARN_COMMA = YES;
				CLANG_WARN_CONSTANT_CONVERSION = YES;
				CLANG_WARN_DEPRECATED_OBJC_IMPLEMENTATIONS = YES;
				CLANG_WARN_DIRECT_OBJC_ISA_USAGE = YES_ERROR;
				CLANG_WARN_DOCUMENTATION_COMMENTS = YES;
				CLANG_WARN_EMPTY_BODY = YES;
				CLANG_WARN_ENUM_CONVERSION = YES;
				CLANG_WARN_INFINITE_RECURSION = YES;
				CLANG_WARN_INT_CONVERSION = YES;
				CLANG_WARN_NON_LITERAL_NULL_CONVERSION = YES;
				CLANG_WARN_OBJC_IMPLICIT_RETAIN_SELF = YES;
				CLANG_WARN_OBJC_LITERAL_CONVERSION = YES;
				CLANG_WARN_OBJC_ROOT_CLASS = YES_ERROR;
				CLANG_WARN_QUOTED_INCLUDE_IN_FRAMEWORK_HEADER = YES;
				CLANG_WARN_RANGE_LOOP_ANALYSIS = YES;
				CLANG_WARN_STRICT_PROTOTYPES = YES;
				CLANG_WARN_SUSPICIOUS_MOVE = YES;
				CLANG_WARN_UNGUARDED_AVAILABILITY = YES_AGGRESSIVE;
				CLANG_WARN_UNREACHABLE_CODE = YES;
				CLANG_WARN__DUPLICATE_METHOD_MATCH = YES;
				COPY_PHASE_STRIP = NO;
				DEBUG_INFORMATION_FORMAT = dwarf;
				ENABLE_STRICT_OBJC_MSGSEND = YES;
				ENABLE_TESTABILITY = YES;
				GCC_C_LANGUAGE_STANDARD = gnu11;
				GCC_DYNAMIC_NO_PIC = NO;
				GCC_NO_COMMON_BLOCKS = YES;
				GCC_OPTIMIZATION_LEVEL = 0;
				GCC_PREPROCESSOR_DEFINITIONS = (
					"DEBUG=1",
					"$(inherited)",
				);
				GCC_WARN_64_TO_32_BIT_CONVERSION = YES;
				GCC_WARN_ABOUT_RETURN_TYPE = YES_ERROR;
				GCC_WARN_UNDECLARED_SELECTOR = YES;
				GCC_WARN_UNINITIALIZED_AUTOS = YES_AGGRESSIVE;
				GCC_WARN_UNUSED_FUNCTION = YES;
				GCC_WARN_UNUSED_VARIABLE = YES;
				IPHONEOS_DEPLOYMENT_TARGET = 15.2;
				MTL_ENABLE_DEBUG_INFO = INCLUDE_SOURCE;
				MTL_FAST_MATH = YES;
				ONLY_ACTIVE_ARCH = YES;
				SDKROOT = iphoneos;
				SWIFT_ACTIVE_COMPILATION_CONDITIONS = DEBUG;
				SWIFT_OPTIMIZATION_LEVEL = "-Onone";
			};
			name = Debug;
		};
		A48097192816D30A00A4D2C9 /* Release */ = {
			isa = XCBuildConfiguration;
			buildSettings = {
				ALWAYS_SEARCH_USER_PATHS = NO;
				CLANG_ANALYZER_NONNULL = YES;
				CLANG_ANALYZER_NUMBER_OBJECT_CONVERSION = YES_AGGRESSIVE;
				CLANG_CXX_LANGUAGE_STANDARD = "gnu++17";
				CLANG_CXX_LIBRARY = "libc++";
				CLANG_ENABLE_MODULES = YES;
				CLANG_ENABLE_OBJC_ARC = YES;
				CLANG_ENABLE_OBJC_WEAK = YES;
				CLANG_WARN_BLOCK_CAPTURE_AUTORELEASING = YES;
				CLANG_WARN_BOOL_CONVERSION = YES;
				CLANG_WARN_COMMA = YES;
				CLANG_WARN_CONSTANT_CONVERSION = YES;
				CLANG_WARN_DEPRECATED_OBJC_IMPLEMENTATIONS = YES;
				CLANG_WARN_DIRECT_OBJC_ISA_USAGE = YES_ERROR;
				CLANG_WARN_DOCUMENTATION_COMMENTS = YES;
				CLANG_WARN_EMPTY_BODY = YES;
				CLANG_WARN_ENUM_CONVERSION = YES;
				CLANG_WARN_INFINITE_RECURSION = YES;
				CLANG_WARN_INT_CONVERSION = YES;
				CLANG_WARN_NON_LITERAL_NULL_CONVERSION = YES;
				CLANG_WARN_OBJC_IMPLICIT_RETAIN_SELF = YES;
				CLANG_WARN_OBJC_LITERAL_CONVERSION = YES;
				CLANG_WARN_OBJC_ROOT_CLASS = YES_ERROR;
				CLANG_WARN_QUOTED_INCLUDE_IN_FRAMEWORK_HEADER = YES;
				CLANG_WARN_RANGE_LOOP_ANALYSIS = YES;
				CLANG_WARN_STRICT_PROTOTYPES = YES;
				CLANG_WARN_SUSPICIOUS_MOVE = YES;
				CLANG_WARN_UNGUARDED_AVAILABILITY = YES_AGGRESSIVE;
				CLANG_WARN_UNREACHABLE_CODE = YES;
				CLANG_WARN__DUPLICATE_METHOD_MATCH = YES;
				COPY_PHASE_STRIP = NO;
				DEBUG_INFORMATION_FORMAT = "dwarf-with-dsym";
				ENABLE_NS_ASSERTIONS = NO;
				ENABLE_STRICT_OBJC_MSGSEND = YES;
				GCC_C_LANGUAGE_STANDARD = gnu11;
				GCC_NO_COMMON_BLOCKS = YES;
				GCC_WARN_64_TO_32_BIT_CONVERSION = YES;
				GCC_WARN_ABOUT_RETURN_TYPE = YES_ERROR;
				GCC_WARN_UNDECLARED_SELECTOR = YES;
				GCC_WARN_UNINITIALIZED_AUTOS = YES_AGGRESSIVE;
				GCC_WARN_UNUSED_FUNCTION = YES;
				GCC_WARN_UNUSED_VARIABLE = YES;
				IPHONEOS_DEPLOYMENT_TARGET = 15.2;
				MTL_ENABLE_DEBUG_INFO = NO;
				MTL_FAST_MATH = YES;
				SDKROOT = iphoneos;
				SWIFT_COMPILATION_MODE = wholemodule;
				SWIFT_OPTIMIZATION_LEVEL = "-O";
				VALIDATE_PRODUCT = YES;
			};
			name = Release;
		};
		A480971B2816D30A00A4D2C9 /* Debug */ = {
			isa = XCBuildConfiguration;
			buildSettings = {
				ASSETCATALOG_COMPILER_APPICON_NAME = AppIcon;
				ASSETCATALOG_COMPILER_GLOBAL_ACCENT_COLOR_NAME = AccentColor;
				CODE_SIGN_STYLE = Automatic;
				CURRENT_PROJECT_VERSION = 1;
				DEVELOPMENT_ASSET_PATHS = "\"Movies/Preview Content\"";
				DEVELOPMENT_TEAM = WQWCUMF3L5;
				ENABLE_PREVIEWS = YES;
				GENERATE_INFOPLIST_FILE = YES;
				INFOPLIST_FILE = Movies/Info.plist;
				INFOPLIST_KEY_UIApplicationSceneManifest_Generation = YES;
				INFOPLIST_KEY_UIApplicationSupportsIndirectInputEvents = YES;
				INFOPLIST_KEY_UILaunchScreen_Generation = YES;
				INFOPLIST_KEY_UISupportedInterfaceOrientations_iPad = "UIInterfaceOrientationPortrait UIInterfaceOrientationPortraitUpsideDown UIInterfaceOrientationLandscapeLeft UIInterfaceOrientationLandscapeRight";
				INFOPLIST_KEY_UISupportedInterfaceOrientations_iPhone = "UIInterfaceOrientationPortrait UIInterfaceOrientationLandscapeLeft UIInterfaceOrientationLandscapeRight";
				LD_RUNPATH_SEARCH_PATHS = (
					"$(inherited)",
					"@executable_path/Frameworks",
				);
				MARKETING_VERSION = 1.0;
				PRODUCT_BUNDLE_IDENTIFIER = br.com.luannluna.Movies;
				PRODUCT_NAME = "$(TARGET_NAME)";
				SWIFT_EMIT_LOC_STRINGS = YES;
				SWIFT_VERSION = 5.0;
				TARGETED_DEVICE_FAMILY = "1,2";
			};
			name = Debug;
		};
		A480971C2816D30A00A4D2C9 /* Release */ = {
			isa = XCBuildConfiguration;
			buildSettings = {
				ASSETCATALOG_COMPILER_APPICON_NAME = AppIcon;
				ASSETCATALOG_COMPILER_GLOBAL_ACCENT_COLOR_NAME = AccentColor;
				CODE_SIGN_STYLE = Automatic;
				CURRENT_PROJECT_VERSION = 1;
				DEVELOPMENT_ASSET_PATHS = "\"Movies/Preview Content\"";
				DEVELOPMENT_TEAM = WQWCUMF3L5;
				ENABLE_PREVIEWS = YES;
				GENERATE_INFOPLIST_FILE = YES;
				INFOPLIST_FILE = Movies/Info.plist;
				INFOPLIST_KEY_UIApplicationSceneManifest_Generation = YES;
				INFOPLIST_KEY_UIApplicationSupportsIndirectInputEvents = YES;
				INFOPLIST_KEY_UILaunchScreen_Generation = YES;
				INFOPLIST_KEY_UISupportedInterfaceOrientations_iPad = "UIInterfaceOrientationPortrait UIInterfaceOrientationPortraitUpsideDown UIInterfaceOrientationLandscapeLeft UIInterfaceOrientationLandscapeRight";
				INFOPLIST_KEY_UISupportedInterfaceOrientations_iPhone = "UIInterfaceOrientationPortrait UIInterfaceOrientationLandscapeLeft UIInterfaceOrientationLandscapeRight";
				LD_RUNPATH_SEARCH_PATHS = (
					"$(inherited)",
					"@executable_path/Frameworks",
				);
				MARKETING_VERSION = 1.0;
				PRODUCT_BUNDLE_IDENTIFIER = br.com.luannluna.Movies;
				PRODUCT_NAME = "$(TARGET_NAME)";
				SWIFT_EMIT_LOC_STRINGS = YES;
				SWIFT_VERSION = 5.0;
				TARGETED_DEVICE_FAMILY = "1,2";
			};
			name = Release;
		};
/* End XCBuildConfiguration section */

/* Begin XCConfigurationList section */
		A48097072816D30600A4D2C9 /* Build configuration list for PBXProject "Movies" */ = {
			isa = XCConfigurationList;
			buildConfigurations = (
				A48097182816D30A00A4D2C9 /* Debug */,
				A48097192816D30A00A4D2C9 /* Release */,
			);
			defaultConfigurationIsVisible = 0;
			defaultConfigurationName = Release;
		};
		A480971A2816D30A00A4D2C9 /* Build configuration list for PBXNativeTarget "Movies" */ = {
			isa = XCConfigurationList;
			buildConfigurations = (
				A480971B2816D30A00A4D2C9 /* Debug */,
				A480971C2816D30A00A4D2C9 /* Release */,
			);
			defaultConfigurationIsVisible = 0;
			defaultConfigurationName = Release;
		};
/* End XCConfigurationList section */
	};
	rootObject = A48097042816D30600A4D2C9 /* Project object */;
}
